// !$*UTF8*$!
{
	archiveVersion = 1;
	classes = {
	};
	objectVersion = 46;
	objects = {

/* Begin PBXBuildFile section */
		6D3EEAEB1A93349100580087 /* Main-iPhone.storyboard in Resources */ = {isa = PBXBuildFile; fileRef = 6D3EEAE91A93349100580087 /* Main-iPhone.storyboard */; };
		6D4D0DB01A928D98008AE758 /* YouTubeViewController.m in Sources */ = {isa = PBXBuildFile; fileRef = 6D4D0DAF1A928D98008AE758 /* YouTubeViewController.m */; };
		6D8E95A21A89153A006E4ED3 /* main.m in Sources */ = {isa = PBXBuildFile; fileRef = 6D8E95A11A89153A006E4ED3 /* main.m */; };
		6D8E95A51A89153A006E4ED3 /* AppDelegate.m in Sources */ = {isa = PBXBuildFile; fileRef = 6D8E95A41A89153A006E4ED3 /* AppDelegate.m */; };
		6D8E95AB1A89153A006E4ED3 /* Main.storyboard in Resources */ = {isa = PBXBuildFile; fileRef = 6D8E95A91A89153A006E4ED3 /* Main.storyboard */; };
		6D8E95AD1A89153A006E4ED3 /* Images.xcassets in Resources */ = {isa = PBXBuildFile; fileRef = 6D8E95AC1A89153A006E4ED3 /* Images.xcassets */; };
		6D8E95B01A89153A006E4ED3 /* LaunchScreen.xib in Resources */ = {isa = PBXBuildFile; fileRef = 6D8E95AE1A89153A006E4ED3 /* LaunchScreen.xib */; };
		6DBBDF501A8938E6002E0240 /* MainViewController.m in Sources */ = {isa = PBXBuildFile; fileRef = 6DBBDF4F1A8938E6002E0240 /* MainViewController.m */; };
		6DBBDF531A893AAF002E0240 /* MainMenuTableCell.m in Sources */ = {isa = PBXBuildFile; fileRef = 6DBBDF521A893AAF002E0240 /* MainMenuTableCell.m */; };
		74D2937D11692CD5FC3FD291 /* libPods.a in Frameworks */ = {isa = PBXBuildFile; fileRef = C83DDE78AD20975B34D68725 /* libPods.a */; };
/* End PBXBuildFile section */

/* Begin PBXFileReference section */
		6D3EEAEA1A93349100580087 /* Base */ = {isa = PBXFileReference; lastKnownFileType = file.storyboard; name = Base; path = "Base.lproj/Main-iPhone.storyboard"; sourceTree = "<group>"; };
		6D4D0DAE1A928D98008AE758 /* YouTubeViewController.h */ = {isa = PBXFileReference; fileEncoding = 4; lastKnownFileType = sourcecode.c.h; path = YouTubeViewController.h; sourceTree = "<group>"; };
		6D4D0DAF1A928D98008AE758 /* YouTubeViewController.m */ = {isa = PBXFileReference; fileEncoding = 4; lastKnownFileType = sourcecode.c.objc; path = YouTubeViewController.m; sourceTree = "<group>"; };
		6D8E959C1A89153A006E4ED3 /* ios_youtube_browser.app */ = {isa = PBXFileReference; explicitFileType = wrapper.application; includeInIndex = 0; path = ios_youtube_browser.app; sourceTree = BUILT_PRODUCTS_DIR; };
		6D8E95A01A89153A006E4ED3 /* Info.plist */ = {isa = PBXFileReference; lastKnownFileType = text.plist.xml; path = Info.plist; sourceTree = "<group>"; };
		6D8E95A11A89153A006E4ED3 /* main.m */ = {isa = PBXFileReference; lastKnownFileType = sourcecode.c.objc; path = main.m; sourceTree = "<group>"; };
		6D8E95A31A89153A006E4ED3 /* AppDelegate.h */ = {isa = PBXFileReference; lastKnownFileType = sourcecode.c.h; path = AppDelegate.h; sourceTree = "<group>"; };
		6D8E95A41A89153A006E4ED3 /* AppDelegate.m */ = {isa = PBXFileReference; lastKnownFileType = sourcecode.c.objc; path = AppDelegate.m; sourceTree = "<group>"; };
		6D8E95AA1A89153A006E4ED3 /* Base */ = {isa = PBXFileReference; lastKnownFileType = file.storyboard; name = Base; path = Base.lproj/Main.storyboard; sourceTree = "<group>"; };
		6D8E95AC1A89153A006E4ED3 /* Images.xcassets */ = {isa = PBXFileReference; lastKnownFileType = folder.assetcatalog; path = Images.xcassets; sourceTree = "<group>"; };
		6D8E95AF1A89153A006E4ED3 /* Base */ = {isa = PBXFileReference; lastKnownFileType = file.xib; name = Base; path = Base.lproj/LaunchScreen.xib; sourceTree = "<group>"; };
		6DBBDF4E1A8938E6002E0240 /* MainViewController.h */ = {isa = PBXFileReference; fileEncoding = 4; lastKnownFileType = sourcecode.c.h; path = MainViewController.h; sourceTree = "<group>"; };
		6DBBDF4F1A8938E6002E0240 /* MainViewController.m */ = {isa = PBXFileReference; fileEncoding = 4; lastKnownFileType = sourcecode.c.objc; path = MainViewController.m; sourceTree = "<group>"; };
		6DBBDF511A893AAF002E0240 /* MainMenuTableCell.h */ = {isa = PBXFileReference; fileEncoding = 4; lastKnownFileType = sourcecode.c.h; path = MainMenuTableCell.h; sourceTree = "<group>"; };
		6DBBDF521A893AAF002E0240 /* MainMenuTableCell.m */ = {isa = PBXFileReference; fileEncoding = 4; lastKnownFileType = sourcecode.c.objc; path = MainMenuTableCell.m; sourceTree = "<group>"; };
		723D2277DF1457DEF2EA2DC0 /* Pods.release.xcconfig */ = {isa = PBXFileReference; includeInIndex = 1; lastKnownFileType = text.xcconfig; name = Pods.release.xcconfig; path = "Pods/Target Support Files/Pods/Pods.release.xcconfig"; sourceTree = "<group>"; };
		8504AD11F84BC85B43CA0F65 /* Pods.debug.xcconfig */ = {isa = PBXFileReference; includeInIndex = 1; lastKnownFileType = text.xcconfig; name = Pods.debug.xcconfig; path = "Pods/Target Support Files/Pods/Pods.debug.xcconfig"; sourceTree = "<group>"; };
		C83DDE78AD20975B34D68725 /* libPods.a */ = {isa = PBXFileReference; explicitFileType = archive.ar; includeInIndex = 0; path = libPods.a; sourceTree = BUILT_PRODUCTS_DIR; };
/* End PBXFileReference section */

/* Begin PBXFrameworksBuildPhase section */
		6D8E95991A89153A006E4ED3 /* Frameworks */ = {
			isa = PBXFrameworksBuildPhase;
			buildActionMask = 2147483647;
			files = (
				74D2937D11692CD5FC3FD291 /* libPods.a in Frameworks */,
			);
			runOnlyForDeploymentPostprocessing = 0;
		};
/* End PBXFrameworksBuildPhase section */

/* Begin PBXGroup section */
		09F4365D310F866282421D53 /* Pods */ = {
			isa = PBXGroup;
			children = (
				8504AD11F84BC85B43CA0F65 /* Pods.debug.xcconfig */,
				723D2277DF1457DEF2EA2DC0 /* Pods.release.xcconfig */,
			);
			name = Pods;
			sourceTree = "<group>";
		};
		126FB1FE36E3691E23418253 /* Frameworks */ = {
			isa = PBXGroup;
			children = (
				C83DDE78AD20975B34D68725 /* libPods.a */,
			);
			name = Frameworks;
			sourceTree = "<group>";
		};
		6D8E95931A89153A006E4ED3 = {
			isa = PBXGroup;
			children = (
				6D8E959E1A89153A006E4ED3 /* ios_youtube_browser */,
				6D8E959D1A89153A006E4ED3 /* Products */,
				09F4365D310F866282421D53 /* Pods */,
				126FB1FE36E3691E23418253 /* Frameworks */,
			);
			sourceTree = "<group>";
		};
		6D8E959D1A89153A006E4ED3 /* Products */ = {
			isa = PBXGroup;
			children = (
				6D8E959C1A89153A006E4ED3 /* ios_youtube_browser.app */,
			);
			name = Products;
			sourceTree = "<group>";
		};
		6D8E959E1A89153A006E4ED3 /* ios_youtube_browser */ = {
			isa = PBXGroup;
			children = (
				6D8E95A31A89153A006E4ED3 /* AppDelegate.h */,
				6D8E95A41A89153A006E4ED3 /* AppDelegate.m */,
				6DBBDF4E1A8938E6002E0240 /* MainViewController.h */,
				6DBBDF4F1A8938E6002E0240 /* MainViewController.m */,
				6DBBDF511A893AAF002E0240 /* MainMenuTableCell.h */,
				6DBBDF521A893AAF002E0240 /* MainMenuTableCell.m */,
				6D4D0DAE1A928D98008AE758 /* YouTubeViewController.h */,
				6D4D0DAF1A928D98008AE758 /* YouTubeViewController.m */,
				6D951ACF1A9486680040733E /* Assets */,
				6D951ACE1A94864F0040733E /* Interface */,
				6D8E959F1A89153A006E4ED3 /* Supporting Files */,
			);
			path = ios_youtube_browser;
			sourceTree = "<group>";
		};
		6D8E959F1A89153A006E4ED3 /* Supporting Files */ = {
			isa = PBXGroup;
			children = (
				6D8E95A01A89153A006E4ED3 /* Info.plist */,
				6D8E95A11A89153A006E4ED3 /* main.m */,
			);
			name = "Supporting Files";
			sourceTree = "<group>";
		};
		6D951ACE1A94864F0040733E /* Interface */ = {
			isa = PBXGroup;
			children = (
				6D3EEAE91A93349100580087 /* Main-iPhone.storyboard */,
				6D8E95A91A89153A006E4ED3 /* Main.storyboard */,
				6D8E95AE1A89153A006E4ED3 /* LaunchScreen.xib */,
			);
			name = Interface;
			sourceTree = "<group>";
		};
		6D951ACF1A9486680040733E /* Assets */ = {
			isa = PBXGroup;
			children = (
				6D8E95AC1A89153A006E4ED3 /* Images.xcassets */,
			);
			name = Assets;
			sourceTree = "<group>";
		};
/* End PBXGroup section */

/* Begin PBXNativeTarget section */
		6D8E959B1A89153A006E4ED3 /* ios_youtube_browser */ = {
			isa = PBXNativeTarget;
			buildConfigurationList = 6D8E95BF1A89153A006E4ED3 /* Build configuration list for PBXNativeTarget "ios_youtube_browser" */;
			buildPhases = (
				1485A85DAB7947CDDC1EF4BF /* Check Pods Manifest.lock */,
				6D8E95981A89153A006E4ED3 /* Sources */,
				6D8E95991A89153A006E4ED3 /* Frameworks */,
				6D8E959A1A89153A006E4ED3 /* Resources */,
				678BEBE9C07971C96476F51C /* Copy Pods Resources */,
			);
			buildRules = (
			);
			dependencies = (
			);
			name = ios_youtube_browser;
			productName = ios_youtube_browser;
			productReference = 6D8E959C1A89153A006E4ED3 /* ios_youtube_browser.app */;
			productType = "com.apple.product-type.application";
		};
/* End PBXNativeTarget section */

/* Begin PBXProject section */
		6D8E95941A89153A006E4ED3 /* Project object */ = {
			isa = PBXProject;
			attributes = {
				LastUpgradeCheck = 0610;
				ORGANIZATIONNAME = "Maxim Bilan";
				TargetAttributes = {
					6D8E959B1A89153A006E4ED3 = {
						CreatedOnToolsVersion = 6.1.1;
					};
				};
			};
			buildConfigurationList = 6D8E95971A89153A006E4ED3 /* Build configuration list for PBXProject "ios_youtube_browser" */;
			compatibilityVersion = "Xcode 3.2";
			developmentRegion = English;
			hasScannedForEncodings = 0;
			knownRegions = (
				en,
				Base,
			);
			mainGroup = 6D8E95931A89153A006E4ED3;
			productRefGroup = 6D8E959D1A89153A006E4ED3 /* Products */;
			projectDirPath = "";
			projectRoot = "";
			targets = (
				6D8E959B1A89153A006E4ED3 /* ios_youtube_browser */,
			);
		};
/* End PBXProject section */

/* Begin PBXResourcesBuildPhase section */
		6D8E959A1A89153A006E4ED3 /* Resources */ = {
			isa = PBXResourcesBuildPhase;
			buildActionMask = 2147483647;
			files = (
				6D8E95AB1A89153A006E4ED3 /* Main.storyboard in Resources */,
				6D8E95B01A89153A006E4ED3 /* LaunchScreen.xib in Resources */,
				6D3EEAEB1A93349100580087 /* Main-iPhone.storyboard in Resources */,
				6D8E95AD1A89153A006E4ED3 /* Images.xcassets in Resources */,
			);
			runOnlyForDeploymentPostprocessing = 0;
		};
/* End PBXResourcesBuildPhase section */

/* Begin PBXShellScriptBuildPhase section */
		1485A85DAB7947CDDC1EF4BF /* Check Pods Manifest.lock */ = {
			isa = PBXShellScriptBuildPhase;
			buildActionMask = 2147483647;
			files = (
			);
			inputPaths = (
			);
			name = "Check Pods Manifest.lock";
			outputPaths = (
			);
			runOnlyForDeploymentPostprocessing = 0;
			shellPath = /bin/sh;
			shellScript = "diff \"${PODS_ROOT}/../Podfile.lock\" \"${PODS_ROOT}/Manifest.lock\" > /dev/null\nif [[ $? != 0 ]] ; then\n    cat << EOM\nerror: The sandbox is not in sync with the Podfile.lock. Run 'pod install' or update your CocoaPods installation.\nEOM\n    exit 1\nfi\n";
			showEnvVarsInLog = 0;
		};
		678BEBE9C07971C96476F51C /* Copy Pods Resources */ = {
			isa = PBXShellScriptBuildPhase;
			buildActionMask = 2147483647;
			files = (
			);
			inputPaths = (
			);
			name = "Copy Pods Resources";
			outputPaths = (
			);
			runOnlyForDeploymentPostprocessing = 0;
			shellPath = /bin/sh;
			shellScript = "\"${SRCROOT}/Pods/Target Support Files/Pods/Pods-resources.sh\"\n";
			showEnvVarsInLog = 0;
		};
/* End PBXShellScriptBuildPhase section */

/* Begin PBXSourcesBuildPhase section */
		6D8E95981A89153A006E4ED3 /* Sources */ = {
			isa = PBXSourcesBuildPhase;
			buildActionMask = 2147483647;
			files = (
				6DBBDF531A893AAF002E0240 /* MainMenuTableCell.m in Sources */,
				6D8E95A51A89153A006E4ED3 /* AppDelegate.m in Sources */,
				6D8E95A21A89153A006E4ED3 /* main.m in Sources */,
				6D4D0DB01A928D98008AE758 /* YouTubeViewController.m in Sources */,
				6DBBDF501A8938E6002E0240 /* MainViewController.m in Sources */,
			);
			runOnlyForDeploymentPostprocessing = 0;
		};
/* End PBXSourcesBuildPhase section */

/* Begin PBXVariantGroup section */
		6D3EEAE91A93349100580087 /* Main-iPhone.storyboard */ = {
			isa = PBXVariantGroup;
			children = (
				6D3EEAEA1A93349100580087 /* Base */,
			);
			name = "Main-iPhone.storyboard";
			sourceTree = "<group>";
		};
		6D8E95A91A89153A006E4ED3 /* Main.storyboard */ = {
			isa = PBXVariantGroup;
			children = (
				6D8E95AA1A89153A006E4ED3 /* Base */,
			);
			name = Main.storyboard;
			sourceTree = "<group>";
		};
		6D8E95AE1A89153A006E4ED3 /* LaunchScreen.xib */ = {
			isa = PBXVariantGroup;
			children = (
				6D8E95AF1A89153A006E4ED3 /* Base */,
			);
			name = LaunchScreen.xib;
			sourceTree = "<group>";
		};
/* End PBXVariantGroup section */

/* Begin XCBuildConfiguration section */
		6D8E95BD1A89153A006E4ED3 /* Debug */ = {
			isa = XCBuildConfiguration;
			buildSettings = {
				ALWAYS_SEARCH_USER_PATHS = NO;
				CLANG_CXX_LANGUAGE_STANDARD = "gnu++0x";
				CLANG_CXX_LIBRARY = "libc++";
				CLANG_ENABLE_MODULES = YES;
				CLANG_ENABLE_OBJC_ARC = YES;
				CLANG_WARN_BOOL_CONVERSION = YES;
				CLANG_WARN_CONSTANT_CONVERSION = YES;
				CLANG_WARN_DIRECT_OBJC_ISA_USAGE = YES_ERROR;
				CLANG_WARN_EMPTY_BODY = YES;
				CLANG_WARN_ENUM_CONVERSION = YES;
				CLANG_WARN_INT_CONVERSION = YES;
				CLANG_WARN_OBJC_ROOT_CLASS = YES_ERROR;
				CLANG_WARN_UNREACHABLE_CODE = YES;
				CLANG_WARN__DUPLICATE_METHOD_MATCH = YES;
				"CODE_SIGN_IDENTITY[sdk=iphoneos*]" = "iPhone Developer";
				COPY_PHASE_STRIP = NO;
				ENABLE_STRICT_OBJC_MSGSEND = YES;
				GCC_C_LANGUAGE_STANDARD = gnu99;
				GCC_DYNAMIC_NO_PIC = NO;
				GCC_OPTIMIZATION_LEVEL = 0;
				GCC_PREPROCESSOR_DEFINITIONS = (
					"DEBUG=1",
					"$(inherited)",
				);
				GCC_SYMBOLS_PRIVATE_EXTERN = NO;
				GCC_WARN_64_TO_32_BIT_CONVERSION = YES;
				GCC_WARN_ABOUT_RETURN_TYPE = YES_ERROR;
				GCC_WARN_UNDECLARED_SELECTOR = YES;
				GCC_WARN_UNINITIALIZED_AUTOS = YES_AGGRESSIVE;
				GCC_WARN_UNUSED_FUNCTION = YES;
				GCC_WARN_UNUSED_VARIABLE = YES;
				IPHONEOS_DEPLOYMENT_TARGET = 8.1;
				MTL_ENABLE_DEBUG_INFO = YES;
				ONLY_ACTIVE_ARCH = YES;
				SDKROOT = iphoneos;
				TARGETED_DEVICE_FAMILY = "1,2";
			};
			name = Debug;
		};
		6D8E95BE1A89153A006E4ED3 /* Release */ = {
			isa = XCBuildConfiguration;
			buildSettings = {
				ALWAYS_SEARCH_USER_PATHS = NO;
				CLANG_CXX_LANGUAGE_STANDARD = "gnu++0x";
				CLANG_CXX_LIBRARY = "libc++";
				CLANG_ENABLE_MODULES = YES;
				CLANG_ENABLE_OBJC_ARC = YES;
				CLANG_WARN_BOOL_CONVERSION = YES;
				CLANG_WARN_CONSTANT_CONVERSION = YES;
				CLANG_WARN_DIRECT_OBJC_ISA_USAGE = YES_ERROR;
				CLANG_WARN_EMPTY_BODY = YES;
				CLANG_WARN_ENUM_CONVERSION = YES;
				CLANG_WARN_INT_CONVERSION = YES;
				CLANG_WARN_OBJC_ROOT_CLASS = YES_ERROR;
				CLANG_WARN_UNREACHABLE_CODE = YES;
				CLANG_WARN__DUPLICATE_METHOD_MATCH = YES;
				"CODE_SIGN_IDENTITY[sdk=iphoneos*]" = "iPhone Developer";
				COPY_PHASE_STRIP = YES;
				ENABLE_NS_ASSERTIONS = NO;
				ENABLE_STRICT_OBJC_MSGSEND = YES;
				GCC_C_LANGUAGE_STANDARD = gnu99;
				GCC_WARN_64_TO_32_BIT_CONVERSION = YES;
				GCC_WARN_ABOUT_RETURN_TYPE = YES_ERROR;
				GCC_WARN_UNDECLARED_SELECTOR = YES;
				GCC_WARN_UNINITIALIZED_AUTOS = YES_AGGRESSIVE;
				GCC_WARN_UNUSED_FUNCTION = YES;
				GCC_WARN_UNUSED_VARIABLE = YES;
				IPHONEOS_DEPLOYMENT_TARGET = 8.1;
				MTL_ENABLE_DEBUG_INFO = NO;
				SDKROOT = iphoneos;
				TARGETED_DEVICE_FAMILY = "1,2";
				VALIDATE_PRODUCT = YES;
			};
			name = Release;
		};
		6D8E95C01A89153A006E4ED3 /* Debug */ = {
			isa = XCBuildConfiguration;
			baseConfigurationReference = 8504AD11F84BC85B43CA0F65 /* Pods.debug.xcconfig */;
			buildSettings = {
				ASSETCATALOG_COMPILER_APPICON_NAME = AppIcon;
				INFOPLIST_FILE = ios_youtube_browser/Info.plist;
				LD_RUNPATH_SEARCH_PATHS = "$(inherited) @executable_path/Frameworks";
				PRODUCT_NAME = "$(TARGET_NAME)";
			};
			name = Debug;
		};
		6D8E95C11A89153A006E4ED3 /* Release */ = {
			isa = XCBuildConfiguration;
			baseConfigurationReference = 723D2277DF1457DEF2EA2DC0 /* Pods.release.xcconfig */;
			buildSettings = {
				ASSETCATALOG_COMPILER_APPICON_NAME = AppIcon;
				INFOPLIST_FILE = ios_youtube_browser/Info.plist;
				LD_RUNPATH_SEARCH_PATHS = "$(inherited) @executable_path/Frameworks";
				PRODUCT_NAME = "$(TARGET_NAME)";
			};
			name = Release;
		};
/* End XCBuildConfiguration section */

/* Begin XCConfigurationList section */
		6D8E95971A89153A006E4ED3 /* Build configuration list for PBXProject "ios_youtube_browser" */ = {
			isa = XCConfigurationList;
			buildConfigurations = (
				6D8E95BD1A89153A006E4ED3 /* Debug */,
				6D8E95BE1A89153A006E4ED3 /* Release */,
			);
			defaultConfigurationIsVisible = 0;
			defaultConfigurationName = Release;
		};
		6D8E95BF1A89153A006E4ED3 /* Build configuration list for PBXNativeTarget "ios_youtube_browser" */ = {
			isa = XCConfigurationList;
			buildConfigurations = (
				6D8E95C01A89153A006E4ED3 /* Debug */,
				6D8E95C11A89153A006E4ED3 /* Release */,
			);
			defaultConfigurationIsVisible = 0;
			defaultConfigurationName = Release;
		};
/* End XCConfigurationList section */
	};
	rootObject = 6D8E95941A89153A006E4ED3 /* Project object */;
}
